
Microsoft Visual Studio Solution File, Format Version 12.00
# Visual Studio Version 17
VisualStudioVersion = 17.0.31903.59
MinimumVisualStudioVersion = 10.0.40219.1
Project("{9A19103F-16F7-4668-BE54-9A1E7A4F7556}") = "TesteBackendV2", "TesteBackendV2\TesteBackendV2.csproj", "{C387B816-05DA-43EB-8BF1-7E523C061965}"
EndProject
Project("{FAE04EC0-301F-11D3-BF4B-00C04F79EFBC}") = "TesteBackendV2API", "TesteBackendV2API\TesteBackendV2API.csproj", "{F6F055C9-C1EB-4E9D-BF12-08DF69512724}"
EndProject
Global
	GlobalSection(SolutionConfigurationPlatforms) = preSolution
		Debug|Any CPU = Debug|Any CPU
		Release|Any CPU = Release|Any CPU
	EndGlobalSection
	GlobalSection(ProjectConfigurationPlatforms) = postSolution
		{C387B816-05DA-43EB-8BF1-7E523C061965}.Debug|Any CPU.ActiveCfg = Debug|Any CPU
		{C387B816-05DA-43EB-8BF1-7E523C061965}.Debug|Any CPU.Build.0 = Debug|Any CPU
		{C387B816-05DA-43EB-8BF1-7E523C061965}.Release|Any CPU.ActiveCfg = Release|Any CPU
		{C387B816-05DA-43EB-8BF1-7E523C061965}.Release|Any CPU.Build.0 = Release|Any CPU
		{F6F055C9-C1EB-4E9D-BF12-08DF69512724}.Debug|Any CPU.ActiveCfg = Debug|Any CPU
		{F6F055C9-C1EB-4E9D-BF12-08DF69512724}.Debug|Any CPU.Build.0 = Debug|Any CPU
		{F6F055C9-C1EB-4E9D-BF12-08DF69512724}.Release|Any CPU.ActiveCfg = Release|Any CPU
		{F6F055C9-C1EB-4E9D-BF12-08DF69512724}.Release|Any CPU.Build.0 = Release|Any CPU
	EndGlobalSection
	GlobalSection(SolutionProperties) = preSolution
		HideSolutionNode = FALSE
	EndGlobalSection
	GlobalSection(ExtensibilityGlobals) = postSolution
		SolutionGuid = {2DBD25BE-3359-4F56-967C-F158C125365C}
	EndGlobalSection
EndGlobal
